
Microsoft Visual Studio Solution File, Format Version 12.00
# Visual Studio Version 16
VisualStudioVersion = 16.0.30011.22
MinimumVisualStudioVersion = 10.0.40219.1
Project("{FAE04EC0-301F-11D3-BF4B-00C04F79EFBC}") = "TabbedPageCollection", "TabbedPageCollection\TabbedPageCollection\TabbedPageCollection.csproj", "{D7366A2F-F4B3-4CE2-9EA8-DF7B0E3FE00B}"
EndProject
Project("{FAE04EC0-301F-11D3-BF4B-00C04F79EFBC}") = "TabbedPageCollection.Android", "TabbedPageCollection\TabbedPageCollection.Android\TabbedPageCollection.Android.csproj", "{624290B6-E699-4726-8F80-B7F77B4AE663}"
EndProject
Project("{FAE04EC0-301F-11D3-BF4B-00C04F79EFBC}") = "TabbedPageCollection.iOS", "TabbedPageCollection\TabbedPageCollection.iOS\TabbedPageCollection.iOS.csproj", "{FC9B4C47-8EDE-4ED5-87F5-33E9E1D27436}"
EndProject
Project("{FAE04EC0-301F-11D3-BF4B-00C04F79EFBC}") = "TabbedPageCollection.UWP", "TabbedPageCollection\TabbedPageCollection.UWP\TabbedPageCollection.UWP.csproj", "{EC30B508-D995-414E-8BA5-7A101F01995E}"
EndProject
Global
	GlobalSection(SolutionConfigurationPlatforms) = preSolution
		Ad-Hoc|Any CPU = Ad-Hoc|Any CPU
		Ad-Hoc|ARM = Ad-Hoc|ARM
		Ad-Hoc|iPhone = Ad-Hoc|iPhone
		Ad-Hoc|iPhoneSimulator = Ad-Hoc|iPhoneSimulator
		Ad-Hoc|x64 = Ad-Hoc|x64
		Ad-Hoc|x86 = Ad-Hoc|x86
		AppStore|Any CPU = AppStore|Any CPU
		AppStore|ARM = AppStore|ARM
		AppStore|iPhone = AppStore|iPhone
		AppStore|iPhoneSimulator = AppStore|iPhoneSimulator
		AppStore|x64 = AppStore|x64
		AppStore|x86 = AppStore|x86
		Debug|Any CPU = Debug|Any CPU
		Debug|ARM = Debug|ARM
		Debug|iPhone = Debug|iPhone
		Debug|iPhoneSimulator = Debug|iPhoneSimulator
		Debug|x64 = Debug|x64
		Debug|x86 = Debug|x86
		Release|Any CPU = Release|Any CPU
		Release|ARM = Release|ARM
		Release|iPhone = Release|iPhone
		Release|iPhoneSimulator = Release|iPhoneSimulator
		Release|x64 = Release|x64
		Release|x86 = Release|x86
	EndGlobalSection
	GlobalSection(ProjectConfigurationPlatforms) = postSolution
		{D7366A2F-F4B3-4CE2-9EA8-DF7B0E3FE00B}.Ad-Hoc|Any CPU.ActiveCfg = Debug|Any CPU
		{D7366A2F-F4B3-4CE2-9EA8-DF7B0E3FE00B}.Ad-Hoc|Any CPU.Build.0 = Debug|Any CPU
		{D7366A2F-F4B3-4CE2-9EA8-DF7B0E3FE00B}.Ad-Hoc|ARM.ActiveCfg = Debug|Any CPU
		{D7366A2F-F4B3-4CE2-9EA8-DF7B0E3FE00B}.Ad-Hoc|ARM.Build.0 = Debug|Any CPU
		{D7366A2F-F4B3-4CE2-9EA8-DF7B0E3FE00B}.Ad-Hoc|iPhone.ActiveCfg = Debug|Any CPU
		{D7366A2F-F4B3-4CE2-9EA8-DF7B0E3FE00B}.Ad-Hoc|iPhone.Build.0 = Debug|Any CPU
		{D7366A2F-F4B3-4CE2-9EA8-DF7B0E3FE00B}.Ad-Hoc|iPhoneSimulator.ActiveCfg = Debug|Any CPU
		{D7366A2F-F4B3-4CE2-9EA8-DF7B0E3FE00B}.Ad-Hoc|iPhoneSimulator.Build.0 = Debug|Any CPU
		{D7366A2F-F4B3-4CE2-9EA8-DF7B0E3FE00B}.Ad-Hoc|x64.ActiveCfg = Debug|Any CPU
		{D7366A2F-F4B3-4CE2-9EA8-DF7B0E3FE00B}.Ad-Hoc|x64.Build.0 = Debug|Any CPU
		{D7366A2F-F4B3-4CE2-9EA8-DF7B0E3FE00B}.Ad-Hoc|x86.ActiveCfg = Debug|Any CPU
		{D7366A2F-F4B3-4CE2-9EA8-DF7B0E3FE00B}.Ad-Hoc|x86.Build.0 = Debug|Any CPU
		{D7366A2F-F4B3-4CE2-9EA8-DF7B0E3FE00B}.AppStore|Any CPU.ActiveCfg = Debug|Any CPU
		{D7366A2F-F4B3-4CE2-9EA8-DF7B0E3FE00B}.AppStore|Any CPU.Build.0 = Debug|Any CPU
		{D7366A2F-F4B3-4CE2-9EA8-DF7B0E3FE00B}.AppStore|ARM.ActiveCfg = Debug|Any CPU
		{D7366A2F-F4B3-4CE2-9EA8-DF7B0E3FE00B}.AppStore|ARM.Build.0 = Debug|Any CPU
		{D7366A2F-F4B3-4CE2-9EA8-DF7B0E3FE00B}.AppStore|iPhone.ActiveCfg = Debug|Any CPU
		{D7366A2F-F4B3-4CE2-9EA8-DF7B0E3FE00B}.AppStore|iPhone.Build.0 = Debug|Any CPU
		{D7366A2F-F4B3-4CE2-9EA8-DF7B0E3FE00B}.AppStore|iPhoneSimulator.ActiveCfg = Debug|Any CPU
		{D7366A2F-F4B3-4CE2-9EA8-DF7B0E3FE00B}.AppStore|iPhoneSimulator.Build.0 = Debug|Any CPU
		{D7366A2F-F4B3-4CE2-9EA8-DF7B0E3FE00B}.AppStore|x64.ActiveCfg = Debug|Any CPU
		{D7366A2F-F4B3-4CE2-9EA8-DF7B0E3FE00B}.AppStore|x64.Build.0 = Debug|Any CPU
		{D7366A2F-F4B3-4CE2-9EA8-DF7B0E3FE00B}.AppStore|x86.ActiveCfg = Debug|Any CPU
		{D7366A2F-F4B3-4CE2-9EA8-DF7B0E3FE00B}.AppStore|x86.Build.0 = Debug|Any CPU
		{D7366A2F-F4B3-4CE2-9EA8-DF7B0E3FE00B}.Debug|Any CPU.ActiveCfg = Debug|Any CPU
		{D7366A2F-F4B3-4CE2-9EA8-DF7B0E3FE00B}.Debug|Any CPU.Build.0 = Debug|Any CPU
		{D7366A2F-F4B3-4CE2-9EA8-DF7B0E3FE00B}.Debug|ARM.ActiveCfg = Debug|Any CPU
		{D7366A2F-F4B3-4CE2-9EA8-DF7B0E3FE00B}.Debug|ARM.Build.0 = Debug|Any CPU
		{D7366A2F-F4B3-4CE2-9EA8-DF7B0E3FE00B}.Debug|iPhone.ActiveCfg = Debug|Any CPU
		{D7366A2F-F4B3-4CE2-9EA8-DF7B0E3FE00B}.Debug|iPhone.Build.0 = Debug|Any CPU
		{D7366A2F-F4B3-4CE2-9EA8-DF7B0E3FE00B}.Debug|iPhoneSimulator.ActiveCfg = Debug|Any CPU
		{D7366A2F-F4B3-4CE2-9EA8-DF7B0E3FE00B}.Debug|iPhoneSimulator.Build.0 = Debug|Any CPU
		{D7366A2F-F4B3-4CE2-9EA8-DF7B0E3FE00B}.Debug|x64.ActiveCfg = Debug|Any CPU
		{D7366A2F-F4B3-4CE2-9EA8-DF7B0E3FE00B}.Debug|x64.Build.0 = Debug|Any CPU
		{D7366A2F-F4B3-4CE2-9EA8-DF7B0E3FE00B}.Debug|x86.ActiveCfg = Debug|Any CPU
		{D7366A2F-F4B3-4CE2-9EA8-DF7B0E3FE00B}.Debug|x86.Build.0 = Debug|Any CPU
		{D7366A2F-F4B3-4CE2-9EA8-DF7B0E3FE00B}.Release|Any CPU.ActiveCfg = Release|Any CPU
		{D7366A2F-F4B3-4CE2-9EA8-DF7B0E3FE00B}.Release|Any CPU.Build.0 = Release|Any CPU
		{D7366A2F-F4B3-4CE2-9EA8-DF7B0E3FE00B}.Release|ARM.ActiveCfg = Release|Any CPU
		{D7366A2F-F4B3-4CE2-9EA8-DF7B0E3FE00B}.Release|ARM.Build.0 = Release|Any CPU
		{D7366A2F-F4B3-4CE2-9EA8-DF7B0E3FE00B}.Release|iPhone.ActiveCfg = Release|Any CPU
		{D7366A2F-F4B3-4CE2-9EA8-DF7B0E3FE00B}.Release|iPhone.Build.0 = Release|Any CPU
		{D7366A2F-F4B3-4CE2-9EA8-DF7B0E3FE00B}.Release|iPhoneSimulator.ActiveCfg = Release|Any CPU
		{D7366A2F-F4B3-4CE2-9EA8-DF7B0E3FE00B}.Release|iPhoneSimulator.Build.0 = Release|Any CPU
		{D7366A2F-F4B3-4CE2-9EA8-DF7B0E3FE00B}.Release|x64.ActiveCfg = Release|Any CPU
		{D7366A2F-F4B3-4CE2-9EA8-DF7B0E3FE00B}.Release|x64.Build.0 = Release|Any CPU
		{D7366A2F-F4B3-4CE2-9EA8-DF7B0E3FE00B}.Release|x86.ActiveCfg = Release|Any CPU
		{D7366A2F-F4B3-4CE2-9EA8-DF7B0E3FE00B}.Release|x86.Build.0 = Release|Any CPU
		{624290B6-E699-4726-8F80-B7F77B4AE663}.Ad-Hoc|Any CPU.ActiveCfg = Release|Any CPU
		{624290B6-E699-4726-8F80-B7F77B4AE663}.Ad-Hoc|Any CPU.Build.0 = Release|Any CPU
		{624290B6-E699-4726-8F80-B7F77B4AE663}.Ad-Hoc|Any CPU.Deploy.0 = Release|Any CPU
		{624290B6-E699-4726-8F80-B7F77B4AE663}.Ad-Hoc|ARM.ActiveCfg = Release|Any CPU
		{624290B6-E699-4726-8F80-B7F77B4AE663}.Ad-Hoc|ARM.Build.0 = Release|Any CPU
		{624290B6-E699-4726-8F80-B7F77B4AE663}.Ad-Hoc|ARM.Deploy.0 = Release|Any CPU
		{624290B6-E699-4726-8F80-B7F77B4AE663}.Ad-Hoc|iPhone.ActiveCfg = Release|Any CPU
		{624290B6-E699-4726-8F80-B7F77B4AE663}.Ad-Hoc|iPhone.Build.0 = Release|Any CPU
		{624290B6-E699-4726-8F80-B7F77B4AE663}.Ad-Hoc|iPhone.Deploy.0 = Release|Any CPU
		{624290B6-E699-4726-8F80-B7F77B4AE663}.Ad-Hoc|iPhoneSimulator.ActiveCfg = Release|Any CPU
		{624290B6-E699-4726-8F80-B7F77B4AE663}.Ad-Hoc|iPhoneSimulator.Build.0 = Release|Any CPU
		{624290B6-E699-4726-8F80-B7F77B4AE663}.Ad-Hoc|iPhoneSimulator.Deploy.0 = Release|Any CPU
		{624290B6-E699-4726-8F80-B7F77B4AE663}.Ad-Hoc|x64.ActiveCfg = Release|Any CPU
		{624290B6-E699-4726-8F80-B7F77B4AE663}.Ad-Hoc|x64.Build.0 = Release|Any CPU
		{624290B6-E699-4726-8F80-B7F77B4AE663}.Ad-Hoc|x64.Deploy.0 = Release|Any CPU
		{624290B6-E699-4726-8F80-B7F77B4AE663}.Ad-Hoc|x86.ActiveCfg = Release|Any CPU
		{624290B6-E699-4726-8F80-B7F77B4AE663}.Ad-Hoc|x86.Build.0 = Release|Any CPU
		{624290B6-E699-4726-8F80-B7F77B4AE663}.Ad-Hoc|x86.Deploy.0 = Release|Any CPU
		{624290B6-E699-4726-8F80-B7F77B4AE663}.AppStore|Any CPU.ActiveCfg = Release|Any CPU
		{624290B6-E699-4726-8F80-B7F77B4AE663}.AppStore|Any CPU.Build.0 = Release|Any CPU
		{624290B6-E699-4726-8F80-B7F77B4AE663}.AppStore|Any CPU.Deploy.0 = Release|Any CPU
		{624290B6-E699-4726-8F80-B7F77B4AE663}.AppStore|ARM.ActiveCfg = Release|Any CPU
		{624290B6-E699-4726-8F80-B7F77B4AE663}.AppStore|ARM.Build.0 = Release|Any CPU
		{624290B6-E699-4726-8F80-B7F77B4AE663}.AppStore|ARM.Deploy.0 = Release|Any CPU
		{624290B6-E699-4726-8F80-B7F77B4AE663}.AppStore|iPhone.ActiveCfg = Release|Any CPU
		{624290B6-E699-4726-8F80-B7F77B4AE663}.AppStore|iPhone.Build.0 = Release|Any CPU
		{624290B6-E699-4726-8F80-B7F77B4AE663}.AppStore|iPhone.Deploy.0 = Release|Any CPU
		{624290B6-E699-4726-8F80-B7F77B4AE663}.AppStore|iPhoneSimulator.ActiveCfg = Release|Any CPU
		{624290B6-E699-4726-8F80-B7F77B4AE663}.AppStore|iPhoneSimulator.Build.0 = Release|Any CPU
		{624290B6-E699-4726-8F80-B7F77B4AE663}.AppStore|iPhoneSimulator.Deploy.0 = Release|Any CPU
		{624290B6-E699-4726-8F80-B7F77B4AE663}.AppStore|x64.ActiveCfg = Release|Any CPU
		{624290B6-E699-4726-8F80-B7F77B4AE663}.AppStore|x64.Build.0 = Release|Any CPU
		{624290B6-E699-4726-8F80-B7F77B4AE663}.AppStore|x64.Deploy.0 = Release|Any CPU
		{624290B6-E699-4726-8F80-B7F77B4AE663}.AppStore|x86.ActiveCfg = Release|Any CPU
		{624290B6-E699-4726-8F80-B7F77B4AE663}.AppStore|x86.Build.0 = Release|Any CPU
		{624290B6-E699-4726-8F80-B7F77B4AE663}.AppStore|x86.Deploy.0 = Release|Any CPU
		{624290B6-E699-4726-8F80-B7F77B4AE663}.Debug|Any CPU.ActiveCfg = Debug|Any CPU
		{624290B6-E699-4726-8F80-B7F77B4AE663}.Debug|Any CPU.Build.0 = Debug|Any CPU
		{624290B6-E699-4726-8F80-B7F77B4AE663}.Debug|Any CPU.Deploy.0 = Debug|Any CPU
		{624290B6-E699-4726-8F80-B7F77B4AE663}.Debug|ARM.ActiveCfg = Debug|Any CPU
		{624290B6-E699-4726-8F80-B7F77B4AE663}.Debug|ARM.Build.0 = Debug|Any CPU
		{624290B6-E699-4726-8F80-B7F77B4AE663}.Debug|ARM.Deploy.0 = Debug|Any CPU
		{624290B6-E699-4726-8F80-B7F77B4AE663}.Debug|iPhone.ActiveCfg = Debug|Any CPU
		{624290B6-E699-4726-8F80-B7F77B4AE663}.Debug|iPhone.Build.0 = Debug|Any CPU
		{624290B6-E699-4726-8F80-B7F77B4AE663}.Debug|iPhone.Deploy.0 = Debug|Any CPU
		{624290B6-E699-4726-8F80-B7F77B4AE663}.Debug|iPhoneSimulator.ActiveCfg = Debug|Any CPU
		{624290B6-E699-4726-8F80-B7F77B4AE663}.Debug|iPhoneSimulator.Build.0 = Debug|Any CPU
		{624290B6-E699-4726-8F80-B7F77B4AE663}.Debug|iPhoneSimulator.Deploy.0 = Debug|Any CPU
		{624290B6-E699-4726-8F80-B7F77B4AE663}.Debug|x64.ActiveCfg = Debug|Any CPU
		{624290B6-E699-4726-8F80-B7F77B4AE663}.Debug|x64.Build.0 = Debug|Any CPU
		{624290B6-E699-4726-8F80-B7F77B4AE663}.Debug|x64.Deploy.0 = Debug|Any CPU
		{624290B6-E699-4726-8F80-B7F77B4AE663}.Debug|x86.ActiveCfg = Debug|Any CPU
		{624290B6-E699-4726-8F80-B7F77B4AE663}.Debug|x86.Build.0 = Debug|Any CPU
		{624290B6-E699-4726-8F80-B7F77B4AE663}.Debug|x86.Deploy.0 = Debug|Any CPU
		{624290B6-E699-4726-8F80-B7F77B4AE663}.Release|Any CPU.ActiveCfg = Release|Any CPU
		{624290B6-E699-4726-8F80-B7F77B4AE663}.Release|Any CPU.Build.0 = Release|Any CPU
		{624290B6-E699-4726-8F80-B7F77B4AE663}.Release|Any CPU.Deploy.0 = Release|Any CPU
		{624290B6-E699-4726-8F80-B7F77B4AE663}.Release|ARM.ActiveCfg = Release|Any CPU
		{624290B6-E699-4726-8F80-B7F77B4AE663}.Release|ARM.Build.0 = Release|Any CPU
		{624290B6-E699-4726-8F80-B7F77B4AE663}.Release|ARM.Deploy.0 = Release|Any CPU
		{624290B6-E699-4726-8F80-B7F77B4AE663}.Release|iPhone.ActiveCfg = Release|Any CPU
		{624290B6-E699-4726-8F80-B7F77B4AE663}.Release|iPhone.Build.0 = Release|Any CPU
		{624290B6-E699-4726-8F80-B7F77B4AE663}.Release|iPhone.Deploy.0 = Release|Any CPU
		{624290B6-E699-4726-8F80-B7F77B4AE663}.Release|iPhoneSimulator.ActiveCfg = Release|Any CPU
		{624290B6-E699-4726-8F80-B7F77B4AE663}.Release|iPhoneSimulator.Build.0 = Release|Any CPU
		{624290B6-E699-4726-8F80-B7F77B4AE663}.Release|iPhoneSimulator.Deploy.0 = Release|Any CPU
		{624290B6-E699-4726-8F80-B7F77B4AE663}.Release|x64.ActiveCfg = Release|Any CPU
		{624290B6-E699-4726-8F80-B7F77B4AE663}.Release|x64.Build.0 = Release|Any CPU
		{624290B6-E699-4726-8F80-B7F77B4AE663}.Release|x64.Deploy.0 = Release|Any CPU
		{624290B6-E699-4726-8F80-B7F77B4AE663}.Release|x86.ActiveCfg = Release|Any CPU
		{624290B6-E699-4726-8F80-B7F77B4AE663}.Release|x86.Build.0 = Release|Any CPU
		{624290B6-E699-4726-8F80-B7F77B4AE663}.Release|x86.Deploy.0 = Release|Any CPU
		{FC9B4C47-8EDE-4ED5-87F5-33E9E1D27436}.Ad-Hoc|Any CPU.ActiveCfg = Ad-Hoc|iPhone
		{FC9B4C47-8EDE-4ED5-87F5-33E9E1D27436}.Ad-Hoc|ARM.ActiveCfg = Ad-Hoc|iPhone
		{FC9B4C47-8EDE-4ED5-87F5-33E9E1D27436}.Ad-Hoc|iPhone.ActiveCfg = Ad-Hoc|iPhone
		{FC9B4C47-8EDE-4ED5-87F5-33E9E1D27436}.Ad-Hoc|iPhone.Build.0 = Ad-Hoc|iPhone
		{FC9B4C47-8EDE-4ED5-87F5-33E9E1D27436}.Ad-Hoc|iPhoneSimulator.ActiveCfg = Ad-Hoc|iPhoneSimulator
		{FC9B4C47-8EDE-4ED5-87F5-33E9E1D27436}.Ad-Hoc|iPhoneSimulator.Build.0 = Ad-Hoc|iPhoneSimulator
		{FC9B4C47-8EDE-4ED5-87F5-33E9E1D27436}.Ad-Hoc|x64.ActiveCfg = Ad-Hoc|iPhone
		{FC9B4C47-8EDE-4ED5-87F5-33E9E1D27436}.Ad-Hoc|x86.ActiveCfg = Ad-Hoc|iPhone
		{FC9B4C47-8EDE-4ED5-87F5-33E9E1D27436}.AppStore|Any CPU.ActiveCfg = AppStore|iPhone
		{FC9B4C47-8EDE-4ED5-87F5-33E9E1D27436}.AppStore|ARM.ActiveCfg = AppStore|iPhone
		{FC9B4C47-8EDE-4ED5-87F5-33E9E1D27436}.AppStore|iPhone.ActiveCfg = AppStore|iPhone
		{FC9B4C47-8EDE-4ED5-87F5-33E9E1D27436}.AppStore|iPhone.Build.0 = AppStore|iPhone
		{FC9B4C47-8EDE-4ED5-87F5-33E9E1D27436}.AppStore|iPhoneSimulator.ActiveCfg = AppStore|iPhoneSimulator
		{FC9B4C47-8EDE-4ED5-87F5-33E9E1D27436}.AppStore|iPhoneSimulator.Build.0 = AppStore|iPhoneSimulator
		{FC9B4C47-8EDE-4ED5-87F5-33E9E1D27436}.AppStore|x64.ActiveCfg = AppStore|iPhone
		{FC9B4C47-8EDE-4ED5-87F5-33E9E1D27436}.AppStore|x86.ActiveCfg = AppStore|iPhone
		{FC9B4C47-8EDE-4ED5-87F5-33E9E1D27436}.Debug|Any CPU.ActiveCfg = Debug|iPhone
		{FC9B4C47-8EDE-4ED5-87F5-33E9E1D27436}.Debug|ARM.ActiveCfg = Debug|iPhone
		{FC9B4C47-8EDE-4ED5-87F5-33E9E1D27436}.Debug|iPhone.ActiveCfg = Debug|iPhone
		{FC9B4C47-8EDE-4ED5-87F5-33E9E1D27436}.Debug|iPhone.Build.0 = Debug|iPhone
		{FC9B4C47-8EDE-4ED5-87F5-33E9E1D27436}.Debug|iPhoneSimulator.ActiveCfg = Debug|iPhoneSimulator
		{FC9B4C47-8EDE-4ED5-87F5-33E9E1D27436}.Debug|iPhoneSimulator.Build.0 = Debug|iPhoneSimulator
		{FC9B4C47-8EDE-4ED5-87F5-33E9E1D27436}.Debug|x64.ActiveCfg = Debug|iPhone
		{FC9B4C47-8EDE-4ED5-87F5-33E9E1D27436}.Debug|x86.ActiveCfg = Debug|iPhone
		{FC9B4C47-8EDE-4ED5-87F5-33E9E1D27436}.Release|Any CPU.ActiveCfg = Release|iPhone
		{FC9B4C47-8EDE-4ED5-87F5-33E9E1D27436}.Release|ARM.ActiveCfg = Release|iPhone
		{FC9B4C47-8EDE-4ED5-87F5-33E9E1D27436}.Release|iPhone.ActiveCfg = Release|iPhone
		{FC9B4C47-8EDE-4ED5-87F5-33E9E1D27436}.Release|iPhone.Build.0 = Release|iPhone
		{FC9B4C47-8EDE-4ED5-87F5-33E9E1D27436}.Release|iPhoneSimulator.ActiveCfg = Release|iPhoneSimulator
		{FC9B4C47-8EDE-4ED5-87F5-33E9E1D27436}.Release|iPhoneSimulator.Build.0 = Release|iPhoneSimulator
		{FC9B4C47-8EDE-4ED5-87F5-33E9E1D27436}.Release|x64.ActiveCfg = Release|iPhone
		{FC9B4C47-8EDE-4ED5-87F5-33E9E1D27436}.Release|x86.ActiveCfg = Release|iPhone
		{EC30B508-D995-414E-8BA5-7A101F01995E}.Ad-Hoc|Any CPU.ActiveCfg = Release|x86
		{EC30B508-D995-414E-8BA5-7A101F01995E}.Ad-Hoc|Any CPU.Build.0 = Release|x86
		{EC30B508-D995-414E-8BA5-7A101F01995E}.Ad-Hoc|Any CPU.Deploy.0 = Release|x86
		{EC30B508-D995-414E-8BA5-7A101F01995E}.Ad-Hoc|ARM.ActiveCfg = Release|ARM
		{EC30B508-D995-414E-8BA5-7A101F01995E}.Ad-Hoc|ARM.Build.0 = Release|ARM
		{EC30B508-D995-414E-8BA5-7A101F01995E}.Ad-Hoc|ARM.Deploy.0 = Release|ARM
		{EC30B508-D995-414E-8BA5-7A101F01995E}.Ad-Hoc|iPhone.ActiveCfg = Release|x86
		{EC30B508-D995-414E-8BA5-7A101F01995E}.Ad-Hoc|iPhone.Build.0 = Release|x86
		{EC30B508-D995-414E-8BA5-7A101F01995E}.Ad-Hoc|iPhone.Deploy.0 = Release|x86
		{EC30B508-D995-414E-8BA5-7A101F01995E}.Ad-Hoc|iPhoneSimulator.ActiveCfg = Release|x86
		{EC30B508-D995-414E-8BA5-7A101F01995E}.Ad-Hoc|iPhoneSimulator.Build.0 = Release|x86
		{EC30B508-D995-414E-8BA5-7A101F01995E}.Ad-Hoc|iPhoneSimulator.Deploy.0 = Release|x86
		{EC30B508-D995-414E-8BA5-7A101F01995E}.Ad-Hoc|x64.ActiveCfg = Release|x64
		{EC30B508-D995-414E-8BA5-7A101F01995E}.Ad-Hoc|x64.Build.0 = Release|x64
		{EC30B508-D995-414E-8BA5-7A101F01995E}.Ad-Hoc|x64.Deploy.0 = Release|x64
		{EC30B508-D995-414E-8BA5-7A101F01995E}.Ad-Hoc|x86.ActiveCfg = Release|x86
		{EC30B508-D995-414E-8BA5-7A101F01995E}.Ad-Hoc|x86.Build.0 = Release|x86
		{EC30B508-D995-414E-8BA5-7A101F01995E}.Ad-Hoc|x86.Deploy.0 = Release|x86
		{EC30B508-D995-414E-8BA5-7A101F01995E}.AppStore|Any CPU.ActiveCfg = Release|x86
		{EC30B508-D995-414E-8BA5-7A101F01995E}.AppStore|Any CPU.Build.0 = Release|x86
		{EC30B508-D995-414E-8BA5-7A101F01995E}.AppStore|Any CPU.Deploy.0 = Release|x86
		{EC30B508-D995-414E-8BA5-7A101F01995E}.AppStore|ARM.ActiveCfg = Release|ARM
		{EC30B508-D995-414E-8BA5-7A101F01995E}.AppStore|ARM.Build.0 = Release|ARM
		{EC30B508-D995-414E-8BA5-7A101F01995E}.AppStore|ARM.Deploy.0 = Release|ARM
		{EC30B508-D995-414E-8BA5-7A101F01995E}.AppStore|iPhone.ActiveCfg = Release|x86
		{EC30B508-D995-414E-8BA5-7A101F01995E}.AppStore|iPhone.Build.0 = Release|x86
		{EC30B508-D995-414E-8BA5-7A101F01995E}.AppStore|iPhone.Deploy.0 = Release|x86
		{EC30B508-D995-414E-8BA5-7A101F01995E}.AppStore|iPhoneSimulator.ActiveCfg = Release|x86
		{EC30B508-D995-414E-8BA5-7A101F01995E}.AppStore|iPhoneSimulator.Build.0 = Release|x86
		{EC30B508-D995-414E-8BA5-7A101F01995E}.AppStore|iPhoneSimulator.Deploy.0 = Release|x86
		{EC30B508-D995-414E-8BA5-7A101F01995E}.AppStore|x64.ActiveCfg = Release|x64
		{EC30B508-D995-414E-8BA5-7A101F01995E}.AppStore|x64.Build.0 = Release|x64
		{EC30B508-D995-414E-8BA5-7A101F01995E}.AppStore|x64.Deploy.0 = Release|x64
		{EC30B508-D995-414E-8BA5-7A101F01995E}.AppStore|x86.ActiveCfg = Release|x86
		{EC30B508-D995-414E-8BA5-7A101F01995E}.AppStore|x86.Build.0 = Release|x86
		{EC30B508-D995-414E-8BA5-7A101F01995E}.AppStore|x86.Deploy.0 = Release|x86
		{EC30B508-D995-414E-8BA5-7A101F01995E}.Debug|Any CPU.ActiveCfg = Debug|x86
		{EC30B508-D995-414E-8BA5-7A101F01995E}.Debug|ARM.ActiveCfg = Debug|ARM
		{EC30B508-D995-414E-8BA5-7A101F01995E}.Debug|ARM.Build.0 = Debug|ARM
		{EC30B508-D995-414E-8BA5-7A101F01995E}.Debug|ARM.Deploy.0 = Debug|ARM
		{EC30B508-D995-414E-8BA5-7A101F01995E}.Debug|iPhone.ActiveCfg = Debug|x86
		{EC30B508-D995-414E-8BA5-7A101F01995E}.Debug|iPhoneSimulator.ActiveCfg = Debug|x86
		{EC30B508-D995-414E-8BA5-7A101F01995E}.Debug|x64.ActiveCfg = Debug|x64
		{EC30B508-D995-414E-8BA5-7A101F01995E}.Debug|x64.Build.0 = Debug|x64
		{EC30B508-D995-414E-8BA5-7A101F01995E}.Debug|x64.Deploy.0 = Debug|x64
		{EC30B508-D995-414E-8BA5-7A101F01995E}.Debug|x86.ActiveCfg = Debug|x86
		{EC30B508-D995-414E-8BA5-7A101F01995E}.Debug|x86.Build.0 = Debug|x86
		{EC30B508-D995-414E-8BA5-7A101F01995E}.Debug|x86.Deploy.0 = Debug|x86
		{EC30B508-D995-414E-8BA5-7A101F01995E}.Release|Any CPU.ActiveCfg = Release|x86
		{EC30B508-D995-414E-8BA5-7A101F01995E}.Release|ARM.ActiveCfg = Release|ARM
		{EC30B508-D995-414E-8BA5-7A101F01995E}.Release|ARM.Build.0 = Release|ARM
		{EC30B508-D995-414E-8BA5-7A101F01995E}.Release|ARM.Deploy.0 = Release|ARM
		{EC30B508-D995-414E-8BA5-7A101F01995E}.Release|iPhone.ActiveCfg = Release|x86
		{EC30B508-D995-414E-8BA5-7A101F01995E}.Release|iPhoneSimulator.ActiveCfg = Release|x86
		{EC30B508-D995-414E-8BA5-7A101F01995E}.Release|x64.ActiveCfg = Release|x64
		{EC30B508-D995-414E-8BA5-7A101F01995E}.Release|x64.Build.0 = Release|x64
		{EC30B508-D995-414E-8BA5-7A101F01995E}.Release|x64.Deploy.0 = Release|x64
		{EC30B508-D995-414E-8BA5-7A101F01995E}.Release|x86.ActiveCfg = Release|x86
		{EC30B508-D995-414E-8BA5-7A101F01995E}.Release|x86.Build.0 = Release|x86
		{EC30B508-D995-414E-8BA5-7A101F01995E}.Release|x86.Deploy.0 = Release|x86
	EndGlobalSection
	GlobalSection(SolutionProperties) = preSolution
		HideSolutionNode = FALSE
	EndGlobalSection
	GlobalSection(ExtensibilityGlobals) = postSolution
		SolutionGuid = {DDBDBAF4-14E0-4F14-9FE1-16948648BD73}
	EndGlobalSection
EndGlobal
